Microsoft Visual Studio Solution File, Format Version 12.00
# Visual Studio Version 17
VisualStudioVersion = 17.5.2.0
MinimumVisualStudioVersion = 10.0.40219.1
Project("{FAE04EC0-301F-11D3-BF4B-00C04F79EFBC}") = "BCM.Web", "BCM.Web.csproj", "{24C740CD-12FE-B369-1692-761D90240CB1}"
EndProject
Global
	GlobalSection(SolutionConfigurationPlatforms) = preSolution
		Debug|Any CPU = Debug|Any CPU
		Release|Any CPU = Release|Any CPU
	EndGlobalSection
	GlobalSection(ProjectConfigurationPlatforms) = postSolution
		{24C740CD-12FE-B369-1692-761D90240CB1}.Debug|Any CPU.ActiveCfg = Debug|Any CPU
		{24C740CD-12FE-B369-1692-761D90240CB1}.Debug|Any CPU.Build.0 = Debug|Any CPU
		{24C740CD-12FE-B369-1692-761D90240CB1}.Release|Any CPU.ActiveCfg = Release|Any CPU
		{24C740CD-12FE-B369-1692-761D90240CB1}.Release|Any CPU.Build.0 = Release|Any CPU
	EndGlobalSection
	GlobalSection(SolutionProperties) = preSolution
		HideSolutionNode = FALSE
	EndGlobalSection
	GlobalSection(ExtensibilityGlobals) = postSolution
		SolutionGuid = {33C5E189-902F-42E5-9A27-BB198CDF7D94}
	EndGlobalSection
EndGlobal
